
Microsoft Visual Studio Solution File, Format Version 12.00
# Visual Studio Version 17
VisualStudioVersion = 17.4.33213.308
MinimumVisualStudioVersion = 10.0.40219.1
Project("{8BC9CEB8-8B4A-11D0-8D11-00A0C91BC942}") = "게임판 덮기", "게임판 덮기\게임판 덮기.vcxproj", "{C1B21A37-9ED9-4F9F-8170-EF5F7A7063BB}"
EndProject
Global
	GlobalSection(SolutionConfigurationPlatforms) = preSolution
		Debug|x64 = Debug|x64
		Debug|x86 = Debug|x86
		Release|x64 = Release|x64
		Release|x86 = Release|x86
	EndGlobalSection
	GlobalSection(ProjectConfigurationPlatforms) = postSolution
		{C1B21A37-9ED9-4F9F-8170-EF5F7A7063BB}.Debug|x64.ActiveCfg = Debug|x64
		{C1B21A37-9ED9-4F9F-8170-EF5F7A7063BB}.Debug|x64.Build.0 = Debug|x64
		{C1B21A37-9ED9-4F9F-8170-EF5F7A7063BB}.Debug|x86.ActiveCfg = Debug|Win32
		{C1B21A37-9ED9-4F9F-8170-EF5F7A7063BB}.Debug|x86.Build.0 = Debug|Win32
		{C1B21A37-9ED9-4F9F-8170-EF5F7A7063BB}.Release|x64.ActiveCfg = Release|x64
		{C1B21A37-9ED9-4F9F-8170-EF5F7A7063BB}.Release|x64.Build.0 = Release|x64
		{C1B21A37-9ED9-4F9F-8170-EF5F7A7063BB}.Release|x86.ActiveCfg = Release|Win32
		{C1B21A37-9ED9-4F9F-8170-EF5F7A7063BB}.Release|x86.Build.0 = Release|Win32
	EndGlobalSection
	GlobalSection(SolutionProperties) = preSolution
		HideSolutionNode = FALSE
	EndGlobalSection
	GlobalSection(ExtensibilityGlobals) = postSolution
		SolutionGuid = {987F713D-F331-4960-9427-0D0442065A8E}
	EndGlobalSection
EndGlobal
