
Microsoft Visual Studio Solution File, Format Version 12.00
# Visual Studio Version 17
VisualStudioVersion = 17.4.33213.308
MinimumVisualStudioVersion = 10.0.40219.1
Project("{8BC9CEB8-8B4A-11D0-8D11-00A0C91BC942}") = "b형30.K번째접미어", "b형30.K번째접미어\b형30.K번째접미어.vcxproj", "{2A770228-80C4-414C-98B9-BBE212F68CA9}"
EndProject
Global
	GlobalSection(SolutionConfigurationPlatforms) = preSolution
		Debug|x64 = Debug|x64
		Debug|x86 = Debug|x86
		Release|x64 = Release|x64
		Release|x86 = Release|x86
	EndGlobalSection
	GlobalSection(ProjectConfigurationPlatforms) = postSolution
		{2A770228-80C4-414C-98B9-BBE212F68CA9}.Debug|x64.ActiveCfg = Debug|x64
		{2A770228-80C4-414C-98B9-BBE212F68CA9}.Debug|x64.Build.0 = Debug|x64
		{2A770228-80C4-414C-98B9-BBE212F68CA9}.Debug|x86.ActiveCfg = Debug|Win32
		{2A770228-80C4-414C-98B9-BBE212F68CA9}.Debug|x86.Build.0 = Debug|Win32
		{2A770228-80C4-414C-98B9-BBE212F68CA9}.Release|x64.ActiveCfg = Release|x64
		{2A770228-80C4-414C-98B9-BBE212F68CA9}.Release|x64.Build.0 = Release|x64
		{2A770228-80C4-414C-98B9-BBE212F68CA9}.Release|x86.ActiveCfg = Release|Win32
		{2A770228-80C4-414C-98B9-BBE212F68CA9}.Release|x86.Build.0 = Release|Win32
	EndGlobalSection
	GlobalSection(SolutionProperties) = preSolution
		HideSolutionNode = FALSE
	EndGlobalSection
	GlobalSection(ExtensibilityGlobals) = postSolution
		SolutionGuid = {434226F5-3935-4055-9015-627AA2A07B90}
	EndGlobalSection
EndGlobal
